
Microsoft Visual Studio Solution File, Format Version 12.00
# Visual Studio 15
VisualStudioVersion = 15.0.27413.0
MinimumVisualStudioVersion = 10.0.40219.1
Project("{FAE04EC0-301F-11D3-BF4B-00C04F79EFBC}") = "VbXamFormsClient.Android", "VbXamFormsClient\VbXamFormsClient.Android\VbXamFormsClient.Android.csproj", "{EC56DD71-79D6-4F38-8BBC-04617A85153E}"
EndProject
Project("{FAE04EC0-301F-11D3-BF4B-00C04F79EFBC}") = "VbXamFormsClient.iOS", "VbXamFormsClient\VbXamFormsClient.iOS\VbXamFormsClient.iOS.csproj", "{F89A0FB0-5AEB-4E83-8CEE-8285426F1D91}"
EndProject
Project("{FAE04EC0-301F-11D3-BF4B-00C04F79EFBC}") = "VbXamFormsClient.UWP", "VbXamFormsClient\VbXamFormsClient.UWP\VbXamFormsClient.UWP.csproj", "{46CB9697-3C3C-4B60-929E-C62C29B89C32}"
EndProject
Project("{F184B08F-C81C-45F6-A57F-5ABD9991F28F}") = "VbXamFormsClient", "VbXamFormsClient\VbXamFormsClient\VbXamFormsClient.vbproj", "{7660F7B2-60C0-4C71-9547-E9CC19BFBFBB}"
EndProject
Global
	GlobalSection(SolutionConfigurationPlatforms) = preSolution
		Ad-Hoc|Any CPU = Ad-Hoc|Any CPU
		Ad-Hoc|ARM = Ad-Hoc|ARM
		Ad-Hoc|iPhone = Ad-Hoc|iPhone
		Ad-Hoc|iPhoneSimulator = Ad-Hoc|iPhoneSimulator
		Ad-Hoc|x64 = Ad-Hoc|x64
		Ad-Hoc|x86 = Ad-Hoc|x86
		AppStore|Any CPU = AppStore|Any CPU
		AppStore|ARM = AppStore|ARM
		AppStore|iPhone = AppStore|iPhone
		AppStore|iPhoneSimulator = AppStore|iPhoneSimulator
		AppStore|x64 = AppStore|x64
		AppStore|x86 = AppStore|x86
		Debug|Any CPU = Debug|Any CPU
		Debug|ARM = Debug|ARM
		Debug|iPhone = Debug|iPhone
		Debug|iPhoneSimulator = Debug|iPhoneSimulator
		Debug|x64 = Debug|x64
		Debug|x86 = Debug|x86
		Release|Any CPU = Release|Any CPU
		Release|ARM = Release|ARM
		Release|iPhone = Release|iPhone
		Release|iPhoneSimulator = Release|iPhoneSimulator
		Release|x64 = Release|x64
		Release|x86 = Release|x86
	EndGlobalSection
	GlobalSection(ProjectConfigurationPlatforms) = postSolution
		{EC56DD71-79D6-4F38-8BBC-04617A85153E}.Ad-Hoc|Any CPU.ActiveCfg = Release|Any CPU
		{EC56DD71-79D6-4F38-8BBC-04617A85153E}.Ad-Hoc|Any CPU.Build.0 = Release|Any CPU
		{EC56DD71-79D6-4F38-8BBC-04617A85153E}.Ad-Hoc|Any CPU.Deploy.0 = Release|Any CPU
		{EC56DD71-79D6-4F38-8BBC-04617A85153E}.Ad-Hoc|ARM.ActiveCfg = Release|Any CPU
		{EC56DD71-79D6-4F38-8BBC-04617A85153E}.Ad-Hoc|ARM.Build.0 = Release|Any CPU
		{EC56DD71-79D6-4F38-8BBC-04617A85153E}.Ad-Hoc|ARM.Deploy.0 = Release|Any CPU
		{EC56DD71-79D6-4F38-8BBC-04617A85153E}.Ad-Hoc|iPhone.ActiveCfg = Release|Any CPU
		{EC56DD71-79D6-4F38-8BBC-04617A85153E}.Ad-Hoc|iPhone.Build.0 = Release|Any CPU
		{EC56DD71-79D6-4F38-8BBC-04617A85153E}.Ad-Hoc|iPhone.Deploy.0 = Release|Any CPU
		{EC56DD71-79D6-4F38-8BBC-04617A85153E}.Ad-Hoc|iPhoneSimulator.ActiveCfg = Release|Any CPU
		{EC56DD71-79D6-4F38-8BBC-04617A85153E}.Ad-Hoc|iPhoneSimulator.Build.0 = Release|Any CPU
		{EC56DD71-79D6-4F38-8BBC-04617A85153E}.Ad-Hoc|iPhoneSimulator.Deploy.0 = Release|Any CPU
		{EC56DD71-79D6-4F38-8BBC-04617A85153E}.Ad-Hoc|x64.ActiveCfg = Release|Any CPU
		{EC56DD71-79D6-4F38-8BBC-04617A85153E}.Ad-Hoc|x64.Build.0 = Release|Any CPU
		{EC56DD71-79D6-4F38-8BBC-04617A85153E}.Ad-Hoc|x64.Deploy.0 = Release|Any CPU
		{EC56DD71-79D6-4F38-8BBC-04617A85153E}.Ad-Hoc|x86.ActiveCfg = Release|Any CPU
		{EC56DD71-79D6-4F38-8BBC-04617A85153E}.Ad-Hoc|x86.Build.0 = Release|Any CPU
		{EC56DD71-79D6-4F38-8BBC-04617A85153E}.Ad-Hoc|x86.Deploy.0 = Release|Any CPU
		{EC56DD71-79D6-4F38-8BBC-04617A85153E}.AppStore|Any CPU.ActiveCfg = Release|Any CPU
		{EC56DD71-79D6-4F38-8BBC-04617A85153E}.AppStore|Any CPU.Build.0 = Release|Any CPU
		{EC56DD71-79D6-4F38-8BBC-04617A85153E}.AppStore|Any CPU.Deploy.0 = Release|Any CPU
		{EC56DD71-79D6-4F38-8BBC-04617A85153E}.AppStore|ARM.ActiveCfg = Release|Any CPU
		{EC56DD71-79D6-4F38-8BBC-04617A85153E}.AppStore|ARM.Build.0 = Release|Any CPU
		{EC56DD71-79D6-4F38-8BBC-04617A85153E}.AppStore|ARM.Deploy.0 = Release|Any CPU
		{EC56DD71-79D6-4F38-8BBC-04617A85153E}.AppStore|iPhone.ActiveCfg = Release|Any CPU
		{EC56DD71-79D6-4F38-8BBC-04617A85153E}.AppStore|iPhone.Build.0 = Release|Any CPU
		{EC56DD71-79D6-4F38-8BBC-04617A85153E}.AppStore|iPhone.Deploy.0 = Release|Any CPU
		{EC56DD71-79D6-4F38-8BBC-04617A85153E}.AppStore|iPhoneSimulator.ActiveCfg = Release|Any CPU
		{EC56DD71-79D6-4F38-8BBC-04617A85153E}.AppStore|iPhoneSimulator.Build.0 = Release|Any CPU
		{EC56DD71-79D6-4F38-8BBC-04617A85153E}.AppStore|iPhoneSimulator.Deploy.0 = Release|Any CPU
		{EC56DD71-79D6-4F38-8BBC-04617A85153E}.AppStore|x64.ActiveCfg = Release|Any CPU
		{EC56DD71-79D6-4F38-8BBC-04617A85153E}.AppStore|x64.Build.0 = Release|Any CPU
		{EC56DD71-79D6-4F38-8BBC-04617A85153E}.AppStore|x64.Deploy.0 = Release|Any CPU
		{EC56DD71-79D6-4F38-8BBC-04617A85153E}.AppStore|x86.ActiveCfg = Release|Any CPU
		{EC56DD71-79D6-4F38-8BBC-04617A85153E}.AppStore|x86.Build.0 = Release|Any CPU
		{EC56DD71-79D6-4F38-8BBC-04617A85153E}.AppStore|x86.Deploy.0 = Release|Any CPU
		{EC56DD71-79D6-4F38-8BBC-04617A85153E}.Debug|Any CPU.ActiveCfg = Debug|Any CPU
		{EC56DD71-79D6-4F38-8BBC-04617A85153E}.Debug|Any CPU.Build.0 = Debug|Any CPU
		{EC56DD71-79D6-4F38-8BBC-04617A85153E}.Debug|Any CPU.Deploy.0 = Debug|Any CPU
		{EC56DD71-79D6-4F38-8BBC-04617A85153E}.Debug|ARM.ActiveCfg = Debug|Any CPU
		{EC56DD71-79D6-4F38-8BBC-04617A85153E}.Debug|ARM.Build.0 = Debug|Any CPU
		{EC56DD71-79D6-4F38-8BBC-04617A85153E}.Debug|ARM.Deploy.0 = Debug|Any CPU
		{EC56DD71-79D6-4F38-8BBC-04617A85153E}.Debug|iPhone.ActiveCfg = Debug|Any CPU
		{EC56DD71-79D6-4F38-8BBC-04617A85153E}.Debug|iPhone.Build.0 = Debug|Any CPU
		{EC56DD71-79D6-4F38-8BBC-04617A85153E}.Debug|iPhone.Deploy.0 = Debug|Any CPU
		{EC56DD71-79D6-4F38-8BBC-04617A85153E}.Debug|iPhoneSimulator.ActiveCfg = Debug|Any CPU
		{EC56DD71-79D6-4F38-8BBC-04617A85153E}.Debug|iPhoneSimulator.Build.0 = Debug|Any CPU
		{EC56DD71-79D6-4F38-8BBC-04617A85153E}.Debug|iPhoneSimulator.Deploy.0 = Debug|Any CPU
		{EC56DD71-79D6-4F38-8BBC-04617A85153E}.Debug|x64.ActiveCfg = Debug|Any CPU
		{EC56DD71-79D6-4F38-8BBC-04617A85153E}.Debug|x64.Build.0 = Debug|Any CPU
		{EC56DD71-79D6-4F38-8BBC-04617A85153E}.Debug|x64.Deploy.0 = Debug|Any CPU
		{EC56DD71-79D6-4F38-8BBC-04617A85153E}.Debug|x86.ActiveCfg = Debug|Any CPU
		{EC56DD71-79D6-4F38-8BBC-04617A85153E}.Debug|x86.Build.0 = Debug|Any CPU
		{EC56DD71-79D6-4F38-8BBC-04617A85153E}.Debug|x86.Deploy.0 = Debug|Any CPU
		{EC56DD71-79D6-4F38-8BBC-04617A85153E}.Release|Any CPU.ActiveCfg = Release|Any CPU
		{EC56DD71-79D6-4F38-8BBC-04617A85153E}.Release|Any CPU.Build.0 = Release|Any CPU
		{EC56DD71-79D6-4F38-8BBC-04617A85153E}.Release|Any CPU.Deploy.0 = Release|Any CPU
		{EC56DD71-79D6-4F38-8BBC-04617A85153E}.Release|ARM.ActiveCfg = Release|Any CPU
		{EC56DD71-79D6-4F38-8BBC-04617A85153E}.Release|ARM.Build.0 = Release|Any CPU
		{EC56DD71-79D6-4F38-8BBC-04617A85153E}.Release|ARM.Deploy.0 = Release|Any CPU
		{EC56DD71-79D6-4F38-8BBC-04617A85153E}.Release|iPhone.ActiveCfg = Release|Any CPU
		{EC56DD71-79D6-4F38-8BBC-04617A85153E}.Release|iPhone.Build.0 = Release|Any CPU
		{EC56DD71-79D6-4F38-8BBC-04617A85153E}.Release|iPhone.Deploy.0 = Release|Any CPU
		{EC56DD71-79D6-4F38-8BBC-04617A85153E}.Release|iPhoneSimulator.ActiveCfg = Release|Any CPU
		{EC56DD71-79D6-4F38-8BBC-04617A85153E}.Release|iPhoneSimulator.Build.0 = Release|Any CPU
		{EC56DD71-79D6-4F38-8BBC-04617A85153E}.Release|iPhoneSimulator.Deploy.0 = Release|Any CPU
		{EC56DD71-79D6-4F38-8BBC-04617A85153E}.Release|x64.ActiveCfg = Release|Any CPU
		{EC56DD71-79D6-4F38-8BBC-04617A85153E}.Release|x64.Build.0 = Release|Any CPU
		{EC56DD71-79D6-4F38-8BBC-04617A85153E}.Release|x64.Deploy.0 = Release|Any CPU
		{EC56DD71-79D6-4F38-8BBC-04617A85153E}.Release|x86.ActiveCfg = Release|Any CPU
		{EC56DD71-79D6-4F38-8BBC-04617A85153E}.Release|x86.Build.0 = Release|Any CPU
		{EC56DD71-79D6-4F38-8BBC-04617A85153E}.Release|x86.Deploy.0 = Release|Any CPU
		{F89A0FB0-5AEB-4E83-8CEE-8285426F1D91}.Ad-Hoc|Any CPU.ActiveCfg = Ad-Hoc|iPhone
		{F89A0FB0-5AEB-4E83-8CEE-8285426F1D91}.Ad-Hoc|ARM.ActiveCfg = Ad-Hoc|iPhone
		{F89A0FB0-5AEB-4E83-8CEE-8285426F1D91}.Ad-Hoc|iPhone.ActiveCfg = Ad-Hoc|iPhone
		{F89A0FB0-5AEB-4E83-8CEE-8285426F1D91}.Ad-Hoc|iPhone.Build.0 = Ad-Hoc|iPhone
		{F89A0FB0-5AEB-4E83-8CEE-8285426F1D91}.Ad-Hoc|iPhoneSimulator.ActiveCfg = Ad-Hoc|iPhoneSimulator
		{F89A0FB0-5AEB-4E83-8CEE-8285426F1D91}.Ad-Hoc|iPhoneSimulator.Build.0 = Ad-Hoc|iPhoneSimulator
		{F89A0FB0-5AEB-4E83-8CEE-8285426F1D91}.Ad-Hoc|x64.ActiveCfg = Ad-Hoc|iPhone
		{F89A0FB0-5AEB-4E83-8CEE-8285426F1D91}.Ad-Hoc|x86.ActiveCfg = Ad-Hoc|iPhone
		{F89A0FB0-5AEB-4E83-8CEE-8285426F1D91}.AppStore|Any CPU.ActiveCfg = AppStore|iPhone
		{F89A0FB0-5AEB-4E83-8CEE-8285426F1D91}.AppStore|ARM.ActiveCfg = AppStore|iPhone
		{F89A0FB0-5AEB-4E83-8CEE-8285426F1D91}.AppStore|iPhone.ActiveCfg = AppStore|iPhone
		{F89A0FB0-5AEB-4E83-8CEE-8285426F1D91}.AppStore|iPhone.Build.0 = AppStore|iPhone
		{F89A0FB0-5AEB-4E83-8CEE-8285426F1D91}.AppStore|iPhoneSimulator.ActiveCfg = AppStore|iPhoneSimulator
		{F89A0FB0-5AEB-4E83-8CEE-8285426F1D91}.AppStore|iPhoneSimulator.Build.0 = AppStore|iPhoneSimulator
		{F89A0FB0-5AEB-4E83-8CEE-8285426F1D91}.AppStore|x64.ActiveCfg = AppStore|iPhone
		{F89A0FB0-5AEB-4E83-8CEE-8285426F1D91}.AppStore|x86.ActiveCfg = AppStore|iPhone
		{F89A0FB0-5AEB-4E83-8CEE-8285426F1D91}.Debug|Any CPU.ActiveCfg = Debug|iPhone
		{F89A0FB0-5AEB-4E83-8CEE-8285426F1D91}.Debug|ARM.ActiveCfg = Debug|iPhone
		{F89A0FB0-5AEB-4E83-8CEE-8285426F1D91}.Debug|iPhone.ActiveCfg = Debug|iPhone
		{F89A0FB0-5AEB-4E83-8CEE-8285426F1D91}.Debug|iPhone.Build.0 = Debug|iPhone
		{F89A0FB0-5AEB-4E83-8CEE-8285426F1D91}.Debug|iPhoneSimulator.ActiveCfg = Debug|iPhoneSimulator
		{F89A0FB0-5AEB-4E83-8CEE-8285426F1D91}.Debug|iPhoneSimulator.Build.0 = Debug|iPhoneSimulator
		{F89A0FB0-5AEB-4E83-8CEE-8285426F1D91}.Debug|x64.ActiveCfg = Debug|iPhone
		{F89A0FB0-5AEB-4E83-8CEE-8285426F1D91}.Debug|x86.ActiveCfg = Debug|iPhone
		{F89A0FB0-5AEB-4E83-8CEE-8285426F1D91}.Release|Any CPU.ActiveCfg = Release|iPhone
		{F89A0FB0-5AEB-4E83-8CEE-8285426F1D91}.Release|ARM.ActiveCfg = Release|iPhone
		{F89A0FB0-5AEB-4E83-8CEE-8285426F1D91}.Release|iPhone.ActiveCfg = Release|iPhone
		{F89A0FB0-5AEB-4E83-8CEE-8285426F1D91}.Release|iPhone.Build.0 = Release|iPhone
		{F89A0FB0-5AEB-4E83-8CEE-8285426F1D91}.Release|iPhoneSimulator.ActiveCfg = Release|iPhoneSimulator
		{F89A0FB0-5AEB-4E83-8CEE-8285426F1D91}.Release|iPhoneSimulator.Build.0 = Release|iPhoneSimulator
		{F89A0FB0-5AEB-4E83-8CEE-8285426F1D91}.Release|x64.ActiveCfg = Release|iPhone
		{F89A0FB0-5AEB-4E83-8CEE-8285426F1D91}.Release|x86.ActiveCfg = Release|iPhone
		{46CB9697-3C3C-4B60-929E-C62C29B89C32}.Ad-Hoc|Any CPU.ActiveCfg = Release|x86
		{46CB9697-3C3C-4B60-929E-C62C29B89C32}.Ad-Hoc|Any CPU.Build.0 = Release|x86
		{46CB9697-3C3C-4B60-929E-C62C29B89C32}.Ad-Hoc|Any CPU.Deploy.0 = Release|x86
		{46CB9697-3C3C-4B60-929E-C62C29B89C32}.Ad-Hoc|ARM.ActiveCfg = Release|ARM
		{46CB9697-3C3C-4B60-929E-C62C29B89C32}.Ad-Hoc|ARM.Build.0 = Release|ARM
		{46CB9697-3C3C-4B60-929E-C62C29B89C32}.Ad-Hoc|ARM.Deploy.0 = Release|ARM
		{46CB9697-3C3C-4B60-929E-C62C29B89C32}.Ad-Hoc|iPhone.ActiveCfg = Release|x86
		{46CB9697-3C3C-4B60-929E-C62C29B89C32}.Ad-Hoc|iPhone.Build.0 = Release|x86
		{46CB9697-3C3C-4B60-929E-C62C29B89C32}.Ad-Hoc|iPhone.Deploy.0 = Release|x86
		{46CB9697-3C3C-4B60-929E-C62C29B89C32}.Ad-Hoc|iPhoneSimulator.ActiveCfg = Release|x86
		{46CB9697-3C3C-4B60-929E-C62C29B89C32}.Ad-Hoc|iPhoneSimulator.Build.0 = Release|x86
		{46CB9697-3C3C-4B60-929E-C62C29B89C32}.Ad-Hoc|iPhoneSimulator.Deploy.0 = Release|x86
		{46CB9697-3C3C-4B60-929E-C62C29B89C32}.Ad-Hoc|x64.ActiveCfg = Release|x64
		{46CB9697-3C3C-4B60-929E-C62C29B89C32}.Ad-Hoc|x64.Build.0 = Release|x64
		{46CB9697-3C3C-4B60-929E-C62C29B89C32}.Ad-Hoc|x64.Deploy.0 = Release|x64
		{46CB9697-3C3C-4B60-929E-C62C29B89C32}.Ad-Hoc|x86.ActiveCfg = Release|x86
		{46CB9697-3C3C-4B60-929E-C62C29B89C32}.Ad-Hoc|x86.Build.0 = Release|x86
		{46CB9697-3C3C-4B60-929E-C62C29B89C32}.Ad-Hoc|x86.Deploy.0 = Release|x86
		{46CB9697-3C3C-4B60-929E-C62C29B89C32}.AppStore|Any CPU.ActiveCfg = Release|x86
		{46CB9697-3C3C-4B60-929E-C62C29B89C32}.AppStore|Any CPU.Build.0 = Release|x86
		{46CB9697-3C3C-4B60-929E-C62C29B89C32}.AppStore|Any CPU.Deploy.0 = Release|x86
		{46CB9697-3C3C-4B60-929E-C62C29B89C32}.AppStore|ARM.ActiveCfg = Release|ARM
		{46CB9697-3C3C-4B60-929E-C62C29B89C32}.AppStore|ARM.Build.0 = Release|ARM
		{46CB9697-3C3C-4B60-929E-C62C29B89C32}.AppStore|ARM.Deploy.0 = Release|ARM
		{46CB9697-3C3C-4B60-929E-C62C29B89C32}.AppStore|iPhone.ActiveCfg = Release|x86
		{46CB9697-3C3C-4B60-929E-C62C29B89C32}.AppStore|iPhone.Build.0 = Release|x86
		{46CB9697-3C3C-4B60-929E-C62C29B89C32}.AppStore|iPhone.Deploy.0 = Release|x86
		{46CB9697-3C3C-4B60-929E-C62C29B89C32}.AppStore|iPhoneSimulator.ActiveCfg = Release|x86
		{46CB9697-3C3C-4B60-929E-C62C29B89C32}.AppStore|iPhoneSimulator.Build.0 = Release|x86
		{46CB9697-3C3C-4B60-929E-C62C29B89C32}.AppStore|iPhoneSimulator.Deploy.0 = Release|x86
		{46CB9697-3C3C-4B60-929E-C62C29B89C32}.AppStore|x64.ActiveCfg = Release|x64
		{46CB9697-3C3C-4B60-929E-C62C29B89C32}.AppStore|x64.Build.0 = Release|x64
		{46CB9697-3C3C-4B60-929E-C62C29B89C32}.AppStore|x64.Deploy.0 = Release|x64
		{46CB9697-3C3C-4B60-929E-C62C29B89C32}.AppStore|x86.ActiveCfg = Release|x86
		{46CB9697-3C3C-4B60-929E-C62C29B89C32}.AppStore|x86.Build.0 = Release|x86
		{46CB9697-3C3C-4B60-929E-C62C29B89C32}.AppStore|x86.Deploy.0 = Release|x86
		{46CB9697-3C3C-4B60-929E-C62C29B89C32}.Debug|Any CPU.ActiveCfg = Debug|x86
		{46CB9697-3C3C-4B60-929E-C62C29B89C32}.Debug|ARM.ActiveCfg = Debug|ARM
		{46CB9697-3C3C-4B60-929E-C62C29B89C32}.Debug|ARM.Build.0 = Debug|ARM
		{46CB9697-3C3C-4B60-929E-C62C29B89C32}.Debug|ARM.Deploy.0 = Debug|ARM
		{46CB9697-3C3C-4B60-929E-C62C29B89C32}.Debug|iPhone.ActiveCfg = Debug|x86
		{46CB9697-3C3C-4B60-929E-C62C29B89C32}.Debug|iPhoneSimulator.ActiveCfg = Debug|x86
		{46CB9697-3C3C-4B60-929E-C62C29B89C32}.Debug|x64.ActiveCfg = Debug|x64
		{46CB9697-3C3C-4B60-929E-C62C29B89C32}.Debug|x64.Build.0 = Debug|x64
		{46CB9697-3C3C-4B60-929E-C62C29B89C32}.Debug|x64.Deploy.0 = Debug|x64
		{46CB9697-3C3C-4B60-929E-C62C29B89C32}.Debug|x86.ActiveCfg = Debug|x86
		{46CB9697-3C3C-4B60-929E-C62C29B89C32}.Debug|x86.Build.0 = Debug|x86
		{46CB9697-3C3C-4B60-929E-C62C29B89C32}.Debug|x86.Deploy.0 = Debug|x86
		{46CB9697-3C3C-4B60-929E-C62C29B89C32}.Release|Any CPU.ActiveCfg = Release|x86
		{46CB9697-3C3C-4B60-929E-C62C29B89C32}.Release|ARM.ActiveCfg = Release|ARM
		{46CB9697-3C3C-4B60-929E-C62C29B89C32}.Release|ARM.Build.0 = Release|ARM
		{46CB9697-3C3C-4B60-929E-C62C29B89C32}.Release|ARM.Deploy.0 = Release|ARM
		{46CB9697-3C3C-4B60-929E-C62C29B89C32}.Release|iPhone.ActiveCfg = Release|x86
		{46CB9697-3C3C-4B60-929E-C62C29B89C32}.Release|iPhoneSimulator.ActiveCfg = Release|x86
		{46CB9697-3C3C-4B60-929E-C62C29B89C32}.Release|x64.ActiveCfg = Release|x64
		{46CB9697-3C3C-4B60-929E-C62C29B89C32}.Release|x64.Build.0 = Release|x64
		{46CB9697-3C3C-4B60-929E-C62C29B89C32}.Release|x64.Deploy.0 = Release|x64
		{46CB9697-3C3C-4B60-929E-C62C29B89C32}.Release|x86.ActiveCfg = Release|x86
		{46CB9697-3C3C-4B60-929E-C62C29B89C32}.Release|x86.Build.0 = Release|x86
		{46CB9697-3C3C-4B60-929E-C62C29B89C32}.Release|x86.Deploy.0 = Release|x86
		{7660F7B2-60C0-4C71-9547-E9CC19BFBFBB}.Ad-Hoc|Any CPU.ActiveCfg = Debug|Any CPU
		{7660F7B2-60C0-4C71-9547-E9CC19BFBFBB}.Ad-Hoc|Any CPU.Build.0 = Debug|Any CPU
		{7660F7B2-60C0-4C71-9547-E9CC19BFBFBB}.Ad-Hoc|ARM.ActiveCfg = Debug|Any CPU
		{7660F7B2-60C0-4C71-9547-E9CC19BFBFBB}.Ad-Hoc|ARM.Build.0 = Debug|Any CPU
		{7660F7B2-60C0-4C71-9547-E9CC19BFBFBB}.Ad-Hoc|iPhone.ActiveCfg = Debug|Any CPU
		{7660F7B2-60C0-4C71-9547-E9CC19BFBFBB}.Ad-Hoc|iPhone.Build.0 = Debug|Any CPU
		{7660F7B2-60C0-4C71-9547-E9CC19BFBFBB}.Ad-Hoc|iPhoneSimulator.ActiveCfg = Debug|Any CPU
		{7660F7B2-60C0-4C71-9547-E9CC19BFBFBB}.Ad-Hoc|iPhoneSimulator.Build.0 = Debug|Any CPU
		{7660F7B2-60C0-4C71-9547-E9CC19BFBFBB}.Ad-Hoc|x64.ActiveCfg = Debug|Any CPU
		{7660F7B2-60C0-4C71-9547-E9CC19BFBFBB}.Ad-Hoc|x64.Build.0 = Debug|Any CPU
		{7660F7B2-60C0-4C71-9547-E9CC19BFBFBB}.Ad-Hoc|x86.ActiveCfg = Debug|Any CPU
		{7660F7B2-60C0-4C71-9547-E9CC19BFBFBB}.Ad-Hoc|x86.Build.0 = Debug|Any CPU
		{7660F7B2-60C0-4C71-9547-E9CC19BFBFBB}.AppStore|Any CPU.ActiveCfg = Debug|Any CPU
		{7660F7B2-60C0-4C71-9547-E9CC19BFBFBB}.AppStore|Any CPU.Build.0 = Debug|Any CPU
		{7660F7B2-60C0-4C71-9547-E9CC19BFBFBB}.AppStore|ARM.ActiveCfg = Debug|Any CPU
		{7660F7B2-60C0-4C71-9547-E9CC19BFBFBB}.AppStore|ARM.Build.0 = Debug|Any CPU
		{7660F7B2-60C0-4C71-9547-E9CC19BFBFBB}.AppStore|iPhone.ActiveCfg = Debug|Any CPU
		{7660F7B2-60C0-4C71-9547-E9CC19BFBFBB}.AppStore|iPhone.Build.0 = Debug|Any CPU
		{7660F7B2-60C0-4C71-9547-E9CC19BFBFBB}.AppStore|iPhoneSimulator.ActiveCfg = Debug|Any CPU
		{7660F7B2-60C0-4C71-9547-E9CC19BFBFBB}.AppStore|iPhoneSimulator.Build.0 = Debug|Any CPU
		{7660F7B2-60C0-4C71-9547-E9CC19BFBFBB}.AppStore|x64.ActiveCfg = Debug|Any CPU
		{7660F7B2-60C0-4C71-9547-E9CC19BFBFBB}.AppStore|x64.Build.0 = Debug|Any CPU
		{7660F7B2-60C0-4C71-9547-E9CC19BFBFBB}.AppStore|x86.ActiveCfg = Debug|Any CPU
		{7660F7B2-60C0-4C71-9547-E9CC19BFBFBB}.AppStore|x86.Build.0 = Debug|Any CPU
		{7660F7B2-60C0-4C71-9547-E9CC19BFBFBB}.Debug|Any CPU.ActiveCfg = Debug|Any CPU
		{7660F7B2-60C0-4C71-9547-E9CC19BFBFBB}.Debug|Any CPU.Build.0 = Debug|Any CPU
		{7660F7B2-60C0-4C71-9547-E9CC19BFBFBB}.Debug|ARM.ActiveCfg = Debug|Any CPU
		{7660F7B2-60C0-4C71-9547-E9CC19BFBFBB}.Debug|ARM.Build.0 = Debug|Any CPU
		{7660F7B2-60C0-4C71-9547-E9CC19BFBFBB}.Debug|iPhone.ActiveCfg = Debug|Any CPU
		{7660F7B2-60C0-4C71-9547-E9CC19BFBFBB}.Debug|iPhone.Build.0 = Debug|Any CPU
		{7660F7B2-60C0-4C71-9547-E9CC19BFBFBB}.Debug|iPhoneSimulator.ActiveCfg = Debug|Any CPU
		{7660F7B2-60C0-4C71-9547-E9CC19BFBFBB}.Debug|iPhoneSimulator.Build.0 = Debug|Any CPU
		{7660F7B2-60C0-4C71-9547-E9CC19BFBFBB}.Debug|x64.ActiveCfg = Debug|Any CPU
		{7660F7B2-60C0-4C71-9547-E9CC19BFBFBB}.Debug|x64.Build.0 = Debug|Any CPU
		{7660F7B2-60C0-4C71-9547-E9CC19BFBFBB}.Debug|x86.ActiveCfg = Debug|Any CPU
		{7660F7B2-60C0-4C71-9547-E9CC19BFBFBB}.Debug|x86.Build.0 = Debug|Any CPU
		{7660F7B2-60C0-4C71-9547-E9CC19BFBFBB}.Release|Any CPU.ActiveCfg = Release|Any CPU
		{7660F7B2-60C0-4C71-9547-E9CC19BFBFBB}.Release|Any CPU.Build.0 = Release|Any CPU
		{7660F7B2-60C0-4C71-9547-E9CC19BFBFBB}.Release|ARM.ActiveCfg = Release|Any CPU
		{7660F7B2-60C0-4C71-9547-E9CC19BFBFBB}.Release|ARM.Build.0 = Release|Any CPU
		{7660F7B2-60C0-4C71-9547-E9CC19BFBFBB}.Release|iPhone.ActiveCfg = Release|Any CPU
		{7660F7B2-60C0-4C71-9547-E9CC19BFBFBB}.Release|iPhone.Build.0 = Release|Any CPU
		{7660F7B2-60C0-4C71-9547-E9CC19BFBFBB}.Release|iPhoneSimulator.ActiveCfg = Release|Any CPU
		{7660F7B2-60C0-4C71-9547-E9CC19BFBFBB}.Release|iPhoneSimulator.Build.0 = Release|Any CPU
		{7660F7B2-60C0-4C71-9547-E9CC19BFBFBB}.Release|x64.ActiveCfg = Release|Any CPU
		{7660F7B2-60C0-4C71-9547-E9CC19BFBFBB}.Release|x64.Build.0 = Release|Any CPU
		{7660F7B2-60C0-4C71-9547-E9CC19BFBFBB}.Release|x86.ActiveCfg = Release|Any CPU
		{7660F7B2-60C0-4C71-9547-E9CC19BFBFBB}.Release|x86.Build.0 = Release|Any CPU
	EndGlobalSection
	GlobalSection(SolutionProperties) = preSolution
		HideSolutionNode = FALSE
	EndGlobalSection
	GlobalSection(ExtensibilityGlobals) = postSolution
		SolutionGuid = {15B8106D-68A3-4E39-BA3B-826F5696845E}
	EndGlobalSection
EndGlobal
